
Microsoft Visual Studio Solution File, Format Version 12.00
# Visual Studio 15
VisualStudioVersion = 15.0.28307.1321
MinimumVisualStudioVersion = 10.0.40219.1
Project("{FAE04EC0-301F-11D3-BF4B-00C04F79EFBC}") = "Disassembler", "Disassembler\Disassembler.csproj", "{D45F2570-84A7-4EA1-99F8-EE5AA5CB2071}"
EndProject
Project("{FAE04EC0-301F-11D3-BF4B-00C04F79EFBC}") = "Debugger", "Debugger\Debugger.csproj", "{616DDB35-249C-4534-8D05-6F4A686A113B}"
EndProject
Project("{FAE04EC0-301F-11D3-BF4B-00C04F79EFBC}") = "8bitCPU", "8bitCPU\8bitCPU.csproj", "{C7EEC275-62BC-4AD8-BE2C-CAE4B1D765E1}"
EndProject
Global
	GlobalSection(SolutionConfigurationPlatforms) = preSolution
		Debug|Any CPU = Debug|Any CPU
		Release|Any CPU = Release|Any CPU
	EndGlobalSection
	GlobalSection(ProjectConfigurationPlatforms) = postSolution
		{D45F2570-84A7-4EA1-99F8-EE5AA5CB2071}.Debug|Any CPU.ActiveCfg = Debug|Any CPU
		{D45F2570-84A7-4EA1-99F8-EE5AA5CB2071}.Debug|Any CPU.Build.0 = Debug|Any CPU
		{D45F2570-84A7-4EA1-99F8-EE5AA5CB2071}.Release|Any CPU.ActiveCfg = Release|Any CPU
		{D45F2570-84A7-4EA1-99F8-EE5AA5CB2071}.Release|Any CPU.Build.0 = Release|Any CPU
		{616DDB35-249C-4534-8D05-6F4A686A113B}.Debug|Any CPU.ActiveCfg = Debug|Any CPU
		{616DDB35-249C-4534-8D05-6F4A686A113B}.Debug|Any CPU.Build.0 = Debug|Any CPU
		{616DDB35-249C-4534-8D05-6F4A686A113B}.Release|Any CPU.ActiveCfg = Release|Any CPU
		{616DDB35-249C-4534-8D05-6F4A686A113B}.Release|Any CPU.Build.0 = Release|Any CPU
		{C7EEC275-62BC-4AD8-BE2C-CAE4B1D765E1}.Debug|Any CPU.ActiveCfg = Debug|Any CPU
		{C7EEC275-62BC-4AD8-BE2C-CAE4B1D765E1}.Debug|Any CPU.Build.0 = Debug|Any CPU
		{C7EEC275-62BC-4AD8-BE2C-CAE4B1D765E1}.Release|Any CPU.ActiveCfg = Release|Any CPU
		{C7EEC275-62BC-4AD8-BE2C-CAE4B1D765E1}.Release|Any CPU.Build.0 = Release|Any CPU
	EndGlobalSection
	GlobalSection(SolutionProperties) = preSolution
		HideSolutionNode = FALSE
	EndGlobalSection
	GlobalSection(ExtensibilityGlobals) = postSolution
		SolutionGuid = {F094931D-4C17-4698-921F-0D3CBEA29576}
	EndGlobalSection
EndGlobal
